
Microsoft Visual Studio Solution File, Format Version 12.00
# Visual Studio Version 17
VisualStudioVersion = 17.12.35707.178
MinimumVisualStudioVersion = 10.0.40219.1
Project("{FAE04EC0-301F-11D3-BF4B-00C04F79EFBC}") = "Casino.Core.Domain", "Casino.Core.Domain\Casino.Core.Domain.csproj", "{B9773EBF-360B-4D29-BC0D-AA4C5447A76E}"
EndProject
Project("{FAE04EC0-301F-11D3-BF4B-00C04F79EFBC}") = "Casino.Core.Application", "Casino.Core.Application\Casino.Core.Application.csproj", "{2BAF9F85-FFC2-4564-9346-6DBEC9A29222}"
EndProject
Project("{FAE04EC0-301F-11D3-BF4B-00C04F79EFBC}") = "Casino.Adapters.Inbound.Api", "Casino.Adapters.Inbound.Api\Casino.Adapters.Inbound.Api.csproj", "{EB84498B-1D6F-42F9-B18B-62E4E04ADD0D}"
EndProject
Project("{FAE04EC0-301F-11D3-BF4B-00C04F79EFBC}") = "SharedKernel", "SharedKernel\SharedKernel.csproj", "{1A9BAC45-57EE-4036-A1D1-D90B8F1500C1}"
EndProject
Project("{FAE04EC0-301F-11D3-BF4B-00C04F79EFBC}") = "Casino.Bootstrap", "Casino.Bootstrap\Casino.Bootstrap.csproj", "{537085B5-985B-4D87-9691-1FD079F22615}"
EndProject
Project("{FAE04EC0-301F-11D3-BF4B-00C04F79EFBC}") = "AuthTools", "AuthTools\AuthTools.csproj", "{A65B029C-EBC2-491C-A665-94817FF82ECF}"
EndProject
Project("{FAE04EC0-301F-11D3-BF4B-00C04F79EFBC}") = "Auth.Bootstrap", "AuthService\src\Auth.Bootstrap\Auth.Bootstrap.csproj", "{DE33CAD5-855A-4930-B55A-45466DEB59EB}"
EndProject
Project("{2150E333-8FDC-42A3-9474-1A3956D46DE8}") = "AuthService", "AuthService", "{02EA681E-C7D8-13C7-8484-4AC65E1B71E8}"
EndProject
Project("{2150E333-8FDC-42A3-9474-1A3956D46DE8}") = "src", "src", "{7FD61736-F604-417E-9B8B-B3D1EA9E4CEE}"
EndProject
Project("{FAE04EC0-301F-11D3-BF4B-00C04F79EFBC}") = "Auth.Core.Domain", "AuthService\src\Auth.Core.Domain\Auth.Core.Domain.csproj", "{ED6D9FE4-BE8D-48C4-A46B-1C4E4DACAB94}"
EndProject
Project("{FAE04EC0-301F-11D3-BF4B-00C04F79EFBC}") = "Auth.Core.Application", "AuthService\src\Auth.Core.Application\Auth.Core.Application.csproj", "{90E191ED-57EA-4129-861D-2812355DE8DE}"
EndProject
Project("{FAE04EC0-301F-11D3-BF4B-00C04F79EFBC}") = "Shared.RedisStorage", "Shared.RedisStorage\Shared.RedisStorage.csproj", "{0D559E78-5E72-41EB-8941-F277BF6FC940}"
EndProject
Project("{FAE04EC0-301F-11D3-BF4B-00C04F79EFBC}") = "Auth.Adapters.Outbound.Common", "AuthService\src\Auth.Adapters.Outbound.Common\Auth.Adapters.Outbound.Common.csproj", "{360031D9-8CAE-4C9C-9E10-952CA6F5D7C8}"
EndProject
Project("{FAE04EC0-301F-11D3-BF4B-00C04F79EFBC}") = "Shared.Notifications", "Shared.Notifications\Shared.Notifications.csproj", "{A49C49CF-E816-44A1-B2CD-29033651124A}"
EndProject
Project("{FAE04EC0-301F-11D3-BF4B-00C04F79EFBC}") = "Auth.Adapters.Inbound.Api", "AuthService\src\Auth.Adapters.Inbound.Api\Auth.Adapters.Inbound.Api.csproj", "{F4EB3391-901E-31E5-FE04-8161B260604E}"
EndProject
Project("{FAE04EC0-301F-11D3-BF4B-00C04F79EFBC}") = "Casino.Adapters.Outbound.Postgres", "Casino.Adapters.Outbound.Postgres\Casino.Adapters.Outbound.Postgres.csproj", "{710C4A8D-84A0-42A8-91CF-12D1E5CD9F95}"
EndProject
Project("{FAE04EC0-301F-11D3-BF4B-00C04F79EFBC}") = "Auth.Adapters.Outbound.Postgres", "AuthService\src\Auth.Adapters.Outbound.Postgres\Auth.Adapters.Outbound.Postgres.csproj", "{CE748E44-78A2-4716-994C-74DD53013DFC}"
EndProject
Project("{2150E333-8FDC-42A3-9474-1A3956D46DE8}") = "UserService", "UserService", "{8FB7D1D6-B490-433E-A243-0B5F98D33F9D}"
EndProject
Project("{2150E333-8FDC-42A3-9474-1A3956D46DE8}") = "src", "src", "{46A898B2-AD5B-4707-96E9-B0D7A0BB0FD7}"
EndProject
Project("{FAE04EC0-301F-11D3-BF4B-00C04F79EFBC}") = "User.Bootstrap", "UserService\src\User.Bootstrap\User.Bootstrap.csproj", "{22607C1F-81FC-45E0-AC28-A2ACF500DBE5}"
EndProject
Project("{FAE04EC0-301F-11D3-BF4B-00C04F79EFBC}") = "User.Core.Domain", "UserService\src\User.Core.Domain\User.Core.Domain.csproj", "{2C5CCB61-8CCB-4CAE-B2BA-175B22819F2A}"
EndProject
Project("{FAE04EC0-301F-11D3-BF4B-00C04F79EFBC}") = "User.Core.Application", "UserService\src\User.Core.Application\User.Core.Application.csproj", "{46BF90E7-D86D-4EC7-8137-A2670B75A9AE}"
EndProject
Project("{FAE04EC0-301F-11D3-BF4B-00C04F79EFBC}") = "User.Adapters.Inbound.Api", "UserService\src\User.Adapters.Inbound.Api\User.Adapters.Inbound.Api.csproj", "{5A62410C-5A5C-43B9-BF18-AFC0C9A1AA2B}"
EndProject
Global
	GlobalSection(SolutionConfigurationPlatforms) = preSolution
		Debug|Any CPU = Debug|Any CPU
		Release|Any CPU = Release|Any CPU
	EndGlobalSection
	GlobalSection(ProjectConfigurationPlatforms) = postSolution
		{B9773EBF-360B-4D29-BC0D-AA4C5447A76E}.Debug|Any CPU.ActiveCfg = Debug|Any CPU
		{B9773EBF-360B-4D29-BC0D-AA4C5447A76E}.Debug|Any CPU.Build.0 = Debug|Any CPU
		{B9773EBF-360B-4D29-BC0D-AA4C5447A76E}.Release|Any CPU.ActiveCfg = Release|Any CPU
		{B9773EBF-360B-4D29-BC0D-AA4C5447A76E}.Release|Any CPU.Build.0 = Release|Any CPU
		{2BAF9F85-FFC2-4564-9346-6DBEC9A29222}.Debug|Any CPU.ActiveCfg = Debug|Any CPU
		{2BAF9F85-FFC2-4564-9346-6DBEC9A29222}.Debug|Any CPU.Build.0 = Debug|Any CPU
		{2BAF9F85-FFC2-4564-9346-6DBEC9A29222}.Release|Any CPU.ActiveCfg = Release|Any CPU
		{2BAF9F85-FFC2-4564-9346-6DBEC9A29222}.Release|Any CPU.Build.0 = Release|Any CPU
		{EB84498B-1D6F-42F9-B18B-62E4E04ADD0D}.Debug|Any CPU.ActiveCfg = Debug|Any CPU
		{EB84498B-1D6F-42F9-B18B-62E4E04ADD0D}.Debug|Any CPU.Build.0 = Debug|Any CPU
		{EB84498B-1D6F-42F9-B18B-62E4E04ADD0D}.Release|Any CPU.ActiveCfg = Release|Any CPU
		{EB84498B-1D6F-42F9-B18B-62E4E04ADD0D}.Release|Any CPU.Build.0 = Release|Any CPU
		{1A9BAC45-57EE-4036-A1D1-D90B8F1500C1}.Debug|Any CPU.ActiveCfg = Debug|Any CPU
		{1A9BAC45-57EE-4036-A1D1-D90B8F1500C1}.Debug|Any CPU.Build.0 = Debug|Any CPU
		{1A9BAC45-57EE-4036-A1D1-D90B8F1500C1}.Release|Any CPU.ActiveCfg = Release|Any CPU
		{1A9BAC45-57EE-4036-A1D1-D90B8F1500C1}.Release|Any CPU.Build.0 = Release|Any CPU
		{537085B5-985B-4D87-9691-1FD079F22615}.Debug|Any CPU.ActiveCfg = Debug|Any CPU
		{537085B5-985B-4D87-9691-1FD079F22615}.Debug|Any CPU.Build.0 = Debug|Any CPU
		{537085B5-985B-4D87-9691-1FD079F22615}.Release|Any CPU.ActiveCfg = Release|Any CPU
		{537085B5-985B-4D87-9691-1FD079F22615}.Release|Any CPU.Build.0 = Release|Any CPU
		{A65B029C-EBC2-491C-A665-94817FF82ECF}.Debug|Any CPU.ActiveCfg = Debug|Any CPU
		{A65B029C-EBC2-491C-A665-94817FF82ECF}.Debug|Any CPU.Build.0 = Debug|Any CPU
		{A65B029C-EBC2-491C-A665-94817FF82ECF}.Release|Any CPU.ActiveCfg = Release|Any CPU
		{A65B029C-EBC2-491C-A665-94817FF82ECF}.Release|Any CPU.Build.0 = Release|Any CPU
		{DE33CAD5-855A-4930-B55A-45466DEB59EB}.Debug|Any CPU.ActiveCfg = Debug|Any CPU
		{DE33CAD5-855A-4930-B55A-45466DEB59EB}.Debug|Any CPU.Build.0 = Debug|Any CPU
		{DE33CAD5-855A-4930-B55A-45466DEB59EB}.Release|Any CPU.ActiveCfg = Release|Any CPU
		{DE33CAD5-855A-4930-B55A-45466DEB59EB}.Release|Any CPU.Build.0 = Release|Any CPU
		{ED6D9FE4-BE8D-48C4-A46B-1C4E4DACAB94}.Debug|Any CPU.ActiveCfg = Debug|Any CPU
		{ED6D9FE4-BE8D-48C4-A46B-1C4E4DACAB94}.Debug|Any CPU.Build.0 = Debug|Any CPU
		{ED6D9FE4-BE8D-48C4-A46B-1C4E4DACAB94}.Release|Any CPU.ActiveCfg = Release|Any CPU
		{ED6D9FE4-BE8D-48C4-A46B-1C4E4DACAB94}.Release|Any CPU.Build.0 = Release|Any CPU
		{90E191ED-57EA-4129-861D-2812355DE8DE}.Debug|Any CPU.ActiveCfg = Debug|Any CPU
		{90E191ED-57EA-4129-861D-2812355DE8DE}.Debug|Any CPU.Build.0 = Debug|Any CPU
		{90E191ED-57EA-4129-861D-2812355DE8DE}.Release|Any CPU.ActiveCfg = Release|Any CPU
		{90E191ED-57EA-4129-861D-2812355DE8DE}.Release|Any CPU.Build.0 = Release|Any CPU
		{0D559E78-5E72-41EB-8941-F277BF6FC940}.Debug|Any CPU.ActiveCfg = Debug|Any CPU
		{0D559E78-5E72-41EB-8941-F277BF6FC940}.Debug|Any CPU.Build.0 = Debug|Any CPU
		{0D559E78-5E72-41EB-8941-F277BF6FC940}.Release|Any CPU.ActiveCfg = Release|Any CPU
		{0D559E78-5E72-41EB-8941-F277BF6FC940}.Release|Any CPU.Build.0 = Release|Any CPU
		{360031D9-8CAE-4C9C-9E10-952CA6F5D7C8}.Debug|Any CPU.ActiveCfg = Debug|Any CPU
		{360031D9-8CAE-4C9C-9E10-952CA6F5D7C8}.Debug|Any CPU.Build.0 = Debug|Any CPU
		{360031D9-8CAE-4C9C-9E10-952CA6F5D7C8}.Release|Any CPU.ActiveCfg = Release|Any CPU
		{360031D9-8CAE-4C9C-9E10-952CA6F5D7C8}.Release|Any CPU.Build.0 = Release|Any CPU
		{A49C49CF-E816-44A1-B2CD-29033651124A}.Debug|Any CPU.ActiveCfg = Debug|Any CPU
		{A49C49CF-E816-44A1-B2CD-29033651124A}.Debug|Any CPU.Build.0 = Debug|Any CPU
		{A49C49CF-E816-44A1-B2CD-29033651124A}.Release|Any CPU.ActiveCfg = Release|Any CPU
		{A49C49CF-E816-44A1-B2CD-29033651124A}.Release|Any CPU.Build.0 = Release|Any CPU
		{F4EB3391-901E-31E5-FE04-8161B260604E}.Debug|Any CPU.ActiveCfg = Debug|Any CPU
		{F4EB3391-901E-31E5-FE04-8161B260604E}.Debug|Any CPU.Build.0 = Debug|Any CPU
		{F4EB3391-901E-31E5-FE04-8161B260604E}.Release|Any CPU.ActiveCfg = Release|Any CPU
		{F4EB3391-901E-31E5-FE04-8161B260604E}.Release|Any CPU.Build.0 = Release|Any CPU
		{710C4A8D-84A0-42A8-91CF-12D1E5CD9F95}.Debug|Any CPU.ActiveCfg = Debug|Any CPU
		{710C4A8D-84A0-42A8-91CF-12D1E5CD9F95}.Debug|Any CPU.Build.0 = Debug|Any CPU
		{710C4A8D-84A0-42A8-91CF-12D1E5CD9F95}.Release|Any CPU.ActiveCfg = Release|Any CPU
		{710C4A8D-84A0-42A8-91CF-12D1E5CD9F95}.Release|Any CPU.Build.0 = Release|Any CPU
		{CE748E44-78A2-4716-994C-74DD53013DFC}.Debug|Any CPU.ActiveCfg = Debug|Any CPU
		{CE748E44-78A2-4716-994C-74DD53013DFC}.Debug|Any CPU.Build.0 = Debug|Any CPU
		{CE748E44-78A2-4716-994C-74DD53013DFC}.Release|Any CPU.ActiveCfg = Release|Any CPU
		{CE748E44-78A2-4716-994C-74DD53013DFC}.Release|Any CPU.Build.0 = Release|Any CPU
		{22607C1F-81FC-45E0-AC28-A2ACF500DBE5}.Debug|Any CPU.ActiveCfg = Debug|Any CPU
		{22607C1F-81FC-45E0-AC28-A2ACF500DBE5}.Debug|Any CPU.Build.0 = Debug|Any CPU
		{22607C1F-81FC-45E0-AC28-A2ACF500DBE5}.Release|Any CPU.ActiveCfg = Release|Any CPU
		{22607C1F-81FC-45E0-AC28-A2ACF500DBE5}.Release|Any CPU.Build.0 = Release|Any CPU
		{2C5CCB61-8CCB-4CAE-B2BA-175B22819F2A}.Debug|Any CPU.ActiveCfg = Debug|Any CPU
		{2C5CCB61-8CCB-4CAE-B2BA-175B22819F2A}.Debug|Any CPU.Build.0 = Debug|Any CPU
		{2C5CCB61-8CCB-4CAE-B2BA-175B22819F2A}.Release|Any CPU.ActiveCfg = Release|Any CPU
		{2C5CCB61-8CCB-4CAE-B2BA-175B22819F2A}.Release|Any CPU.Build.0 = Release|Any CPU
		{46BF90E7-D86D-4EC7-8137-A2670B75A9AE}.Debug|Any CPU.ActiveCfg = Debug|Any CPU
		{46BF90E7-D86D-4EC7-8137-A2670B75A9AE}.Debug|Any CPU.Build.0 = Debug|Any CPU
		{46BF90E7-D86D-4EC7-8137-A2670B75A9AE}.Release|Any CPU.ActiveCfg = Release|Any CPU
		{46BF90E7-D86D-4EC7-8137-A2670B75A9AE}.Release|Any CPU.Build.0 = Release|Any CPU
		{5A62410C-5A5C-43B9-BF18-AFC0C9A1AA2B}.Debug|Any CPU.ActiveCfg = Debug|Any CPU
		{5A62410C-5A5C-43B9-BF18-AFC0C9A1AA2B}.Debug|Any CPU.Build.0 = Debug|Any CPU
		{5A62410C-5A5C-43B9-BF18-AFC0C9A1AA2B}.Release|Any CPU.ActiveCfg = Release|Any CPU
		{5A62410C-5A5C-43B9-BF18-AFC0C9A1AA2B}.Release|Any CPU.Build.0 = Release|Any CPU
	EndGlobalSection
	GlobalSection(SolutionProperties) = preSolution
		HideSolutionNode = FALSE
	EndGlobalSection
	GlobalSection(NestedProjects) = preSolution
		{DE33CAD5-855A-4930-B55A-45466DEB59EB} = {7FD61736-F604-417E-9B8B-B3D1EA9E4CEE}
		{7FD61736-F604-417E-9B8B-B3D1EA9E4CEE} = {02EA681E-C7D8-13C7-8484-4AC65E1B71E8}
		{ED6D9FE4-BE8D-48C4-A46B-1C4E4DACAB94} = {7FD61736-F604-417E-9B8B-B3D1EA9E4CEE}
		{90E191ED-57EA-4129-861D-2812355DE8DE} = {7FD61736-F604-417E-9B8B-B3D1EA9E4CEE}
		{360031D9-8CAE-4C9C-9E10-952CA6F5D7C8} = {7FD61736-F604-417E-9B8B-B3D1EA9E4CEE}
		{F4EB3391-901E-31E5-FE04-8161B260604E} = {7FD61736-F604-417E-9B8B-B3D1EA9E4CEE}
		{CE748E44-78A2-4716-994C-74DD53013DFC} = {7FD61736-F604-417E-9B8B-B3D1EA9E4CEE}
		{46A898B2-AD5B-4707-96E9-B0D7A0BB0FD7} = {8FB7D1D6-B490-433E-A243-0B5F98D33F9D}
		{22607C1F-81FC-45E0-AC28-A2ACF500DBE5} = {46A898B2-AD5B-4707-96E9-B0D7A0BB0FD7}
		{2C5CCB61-8CCB-4CAE-B2BA-175B22819F2A} = {46A898B2-AD5B-4707-96E9-B0D7A0BB0FD7}
		{46BF90E7-D86D-4EC7-8137-A2670B75A9AE} = {46A898B2-AD5B-4707-96E9-B0D7A0BB0FD7}
		{5A62410C-5A5C-43B9-BF18-AFC0C9A1AA2B} = {46A898B2-AD5B-4707-96E9-B0D7A0BB0FD7}
	EndGlobalSection
	GlobalSection(ExtensibilityGlobals) = postSolution
		SolutionGuid = {9877899C-14B4-4DE6-B8F4-95EF12E58A82}
	EndGlobalSection
EndGlobal
